
Microsoft Visual Studio Solution File, Format Version 12.00
# Visual Studio Version 16
VisualStudioVersion = 16.0.29503.13
MinimumVisualStudioVersion = 10.0.40219.1
Project("{9A19103F-16F7-4668-BE54-9A1E7A4F7556}") = "NETCore-FaultingAPI", "NETCore-FaultingAPI\NETCore-FaultingAPI.csproj", "{53B3C4F4-1060-4A16-9C8A-F4048224438C}"
EndProject
Global
	GlobalSection(SolutionConfigurationPlatforms) = preSolution
		Debug|Any CPU = Debug|Any CPU
		Release|Any CPU = Release|Any CPU
	EndGlobalSection
	GlobalSection(ProjectConfigurationPlatforms) = postSolution
		{53B3C4F4-1060-4A16-9C8A-F4048224438C}.Debug|Any CPU.ActiveCfg = Debug|Any CPU
		{53B3C4F4-1060-4A16-9C8A-F4048224438C}.Debug|Any CPU.Build.0 = Debug|Any CPU
		{53B3C4F4-1060-4A16-9C8A-F4048224438C}.Release|Any CPU.ActiveCfg = Release|Any CPU
		{53B3C4F4-1060-4A16-9C8A-F4048224438C}.Release|Any CPU.Build.0 = Release|Any CPU
	EndGlobalSection
	GlobalSection(SolutionProperties) = preSolution
		HideSolutionNode = FALSE
	EndGlobalSection
	GlobalSection(ExtensibilityGlobals) = postSolution
		SolutionGuid = {7C71574A-B8D3-4960-A904-3654413E348F}
	EndGlobalSection
EndGlobal
